PODS:
  - CTMediator (0.0.3)
  - Masonry (1.0.2)
  - projectA (0.2.0):
    - Masonry
    - projectB_Category
  - projectB_Category (0.1.0):
    - CTMediator

DEPENDENCIES:
  - projectA (from `../`)

EXTERNAL SOURCES:
  projectA:
    :path: ../

SPEC CHECKSUMS:
  CTMediator: c9a1203561e2232cb9a72822659159a02ae3cf20
  Masonry: 7c429b56da9d4ee0bbb3ed77a5ea710d6a5df39e
  projectA: 016b6f29ffa8aa3b2a00af19ba84cf26215d33cf
  projectB_Category: b2d708e1a6955cc9f7388a25853c1e5af7b9d669

PODFILE CHECKSUM: 636d06ab356d568bf60d5f29ad84d4dd85342ba5

COCOAPODS: 1.1.1
